{
  "version": "1",
  "sources": {
    "nixpkgs": {
      "type": "GitHub",
      "fetchType": "tarball",
      "owner": "nixos",
      "repo": "nixpkgs",
      "branch": "nixos-unstable",
      "revision": "34ab99075ac4f7e40cf037eef32cb1c360bb85e9",
      "url": "https://github.com/nixos/nixpkgs/archive/34ab99075ac4f7e40cf037eef32cb1c360bb85e9.tar.gz",
      "hash": "sha256-hn1oU2rue2SYK8dAr8+WNZWtbsz1S2W5mnHlSEuh3bo="
    },
    "pre-commit": {
      "type": "GitHub",
      "fetchType": "tarball",
      "owner": "cachix",
      "repo": "git-hooks.nix",
      "branch": "master",
      "revision": "54df955a695a84cd47d4a43e08e1feaf90b1fd9b",
      "url": "https://github.com/cachix/git-hooks.nix/archive/54df955a695a84cd47d4a43e08e1feaf90b1fd9b.tar.gz",
      "hash": "sha256-ytw7ROXaWZ7OfwHrQ9xvjpUWeGVm86pwnEd1QhzawIo="
    }
  }
}
