{
  "version": "1",
  "sources": {
    "nixpkgs": {
      "type": "GitHub",
      "fetchType": "tarball",
      "owner": "nixos",
      "repo": "nixpkgs",
      "branch": "nixos-unstable",
      "revision": "cad22e7d996aea55ecab064e84834289143e44a0",
      "url": "https://github.com/nixos/nixpkgs/archive/cad22e7d996aea55ecab064e84834289143e44a0.tar.gz",
      "hash": "sha256-5vKw92l1GyTnjoLzEagJy5V5mDFck72LiQWZSOnSicw="
    },
    "pre-commit": {
      "type": "GitHub",
      "fetchType": "tarball",
      "owner": "cachix",
      "repo": "git-hooks.nix",
      "branch": "master",
      "revision": "54df955a695a84cd47d4a43e08e1feaf90b1fd9b",
      "url": "https://github.com/cachix/git-hooks.nix/archive/54df955a695a84cd47d4a43e08e1feaf90b1fd9b.tar.gz",
      "hash": "sha256-ytw7ROXaWZ7OfwHrQ9xvjpUWeGVm86pwnEd1QhzawIo="
    }
  }
}
