{
  "version": "1",
  "sources": {
    "nixpkgs": {
      "type": "GitHub",
      "fetchType": "tarball",
      "owner": "nixos",
      "repo": "nixpkgs",
      "branch": "nixos-unstable",
      "revision": "e9f00bd893984bc8ce46c895c3bf7cac95331127",
      "url": "https://github.com/nixos/nixpkgs/archive/e9f00bd893984bc8ce46c895c3bf7cac95331127.tar.gz",
      "hash": "sha256-0m27AKv6ka+q270dw48KflE0LwQYrO7Fm4/2//KCVWg="
    },
    "pre-commit": {
      "type": "GitHub",
      "fetchType": "tarball",
      "owner": "cachix",
      "repo": "git-hooks.nix",
      "branch": "master",
      "revision": "ca5b894d3e3e151ffc1db040b6ce4dcc75d31c37",
      "url": "https://github.com/cachix/git-hooks.nix/archive/ca5b894d3e3e151ffc1db040b6ce4dcc75d31c37.tar.gz",
      "hash": "sha256-BflA6U4AM1bzuRMR8QqzPXqh8sWVCNDzOdsxXEguJIc="
    }
  }
}
